
Microsoft Visual Studio Solution File, Format Version 12.00
# Visual Studio Version 17
VisualStudioVersion = 17.8.34525.116
MinimumVisualStudioVersion = 10.0.40219.1
Project("{FAE04EC0-301F-11D3-BF4B-00C04F79EFBC}") = "StudentPortal.Web", "StudentPortal.Web\StudentPortal.Web.csproj", "{D12CDB10-AAF0-4C26-82B4-C3472F223139}"
EndProject
Global
	GlobalSection(SolutionConfigurationPlatforms) = preSolution
		Debug|Any CPU = Debug|Any CPU
		Release|Any CPU = Release|Any CPU
	EndGlobalSection
	GlobalSection(ProjectConfigurationPlatforms) = postSolution
		{D12CDB10-AAF0-4C26-82B4-C3472F223139}.Debug|Any CPU.ActiveCfg = Debug|Any CPU
		{D12CDB10-AAF0-4C26-82B4-C3472F223139}.Debug|Any CPU.Build.0 = Debug|Any CPU
		{D12CDB10-AAF0-4C26-82B4-C3472F223139}.Release|Any CPU.ActiveCfg = Release|Any CPU
		{D12CDB10-AAF0-4C26-82B4-C3472F223139}.Release|Any CPU.Build.0 = Release|Any CPU
	EndGlobalSection
	GlobalSection(SolutionProperties) = preSolution
		HideSolutionNode = FALSE
	EndGlobalSection
	GlobalSection(ExtensibilityGlobals) = postSolution
		SolutionGuid = {4E632701-4150-4109-8298-59442F9B6E7D}
	EndGlobalSection
EndGlobal
